
Microsoft Visual Studio Solution File, Format Version 12.00
# Visual Studio Version 16
VisualStudioVersion = 16.0.31321.278
MinimumVisualStudioVersion = 10.0.40219.1
Project("{9A19103F-16F7-4668-BE54-9A1E7A4F7556}") = "CSharpSeleniumProject", "CSharpSeleniumProject\CSharpSeleniumProject.csproj", "{CAA763A7-4AF3-4310-AEFC-2AEF34283886}"
EndProject
Project("{FAE04EC0-301F-11D3-BF4B-00C04F79EFBC}") = "CalculatorProject", "CalculatorProject\CalculatorProject.csproj", "{31575131-051D-492C-8D0F-4D2C799C5AE8}"
EndProject
Project("{FAE04EC0-301F-11D3-BF4B-00C04F79EFBC}") = "SeleniumConcepts", "SeleniumConcepts\SeleniumConcepts.csproj", "{358541CB-C462-493C-B457-A6045DA8AFCD}"
EndProject
Global
	GlobalSection(SolutionConfigurationPlatforms) = preSolution
		Debug|Any CPU = Debug|Any CPU
		Release|Any CPU = Release|Any CPU
	EndGlobalSection
	GlobalSection(ProjectConfigurationPlatforms) = postSolution
		{CAA763A7-4AF3-4310-AEFC-2AEF34283886}.Debug|Any CPU.ActiveCfg = Debug|Any CPU
		{CAA763A7-4AF3-4310-AEFC-2AEF34283886}.Debug|Any CPU.Build.0 = Debug|Any CPU
		{CAA763A7-4AF3-4310-AEFC-2AEF34283886}.Release|Any CPU.ActiveCfg = Release|Any CPU
		{CAA763A7-4AF3-4310-AEFC-2AEF34283886}.Release|Any CPU.Build.0 = Release|Any CPU
		{31575131-051D-492C-8D0F-4D2C799C5AE8}.Debug|Any CPU.ActiveCfg = Debug|Any CPU
		{31575131-051D-492C-8D0F-4D2C799C5AE8}.Debug|Any CPU.Build.0 = Debug|Any CPU
		{31575131-051D-492C-8D0F-4D2C799C5AE8}.Release|Any CPU.ActiveCfg = Release|Any CPU
		{31575131-051D-492C-8D0F-4D2C799C5AE8}.Release|Any CPU.Build.0 = Release|Any CPU
		{358541CB-C462-493C-B457-A6045DA8AFCD}.Debug|Any CPU.ActiveCfg = Debug|Any CPU
		{358541CB-C462-493C-B457-A6045DA8AFCD}.Debug|Any CPU.Build.0 = Debug|Any CPU
		{358541CB-C462-493C-B457-A6045DA8AFCD}.Release|Any CPU.ActiveCfg = Release|Any CPU
		{358541CB-C462-493C-B457-A6045DA8AFCD}.Release|Any CPU.Build.0 = Release|Any CPU
	EndGlobalSection
	GlobalSection(SolutionProperties) = preSolution
		HideSolutionNode = FALSE
	EndGlobalSection
	GlobalSection(ExtensibilityGlobals) = postSolution
		SolutionGuid = {3C9740B9-995D-4E22-B8F9-7DC1937AA00F}
	EndGlobalSection
EndGlobal
